// !$*UTF8*$!
{
	archiveVersion = 1;
	classes = {
	};
	objectVersion = 46;
	objects = {

/* Begin PBXBuildFile section */
		A9B4BE2B1ACB515600C769AA /* AppDelegate.swift in Sources */ = {isa = PBXBuildFile; fileRef = A9B4BE2A1ACB515600C769AA /* AppDelegate.swift */; };
		A9B4BE2D1ACB515600C769AA /* ViewController.swift in Sources */ = {isa = PBXBuildFile; fileRef = A9B4BE2C1ACB515600C769AA /* ViewController.swift */; };
		A9B4BE301ACB515600C769AA /* Main.storyboard in Resources */ = {isa = PBXBuildFile; fileRef = A9B4BE2E1ACB515600C769AA /* Main.storyboard */; };
		A9B4BE321ACB515600C769AA /* Images.xcassets in Resources */ = {isa = PBXBuildFile; fileRef = A9B4BE311ACB515600C769AA /* Images.xcassets */; };
		A9B4BE351ACB515600C769AA /* LaunchScreen.xib in Resources */ = {isa = PBXBuildFile; fileRef = A9B4BE331ACB515600C769AA /* LaunchScreen.xib */; };
		A9B4BE411ACB515600C769AA /* WeatherTests.swift in Sources */ = {isa = PBXBuildFile; fileRef = A9B4BE401ACB515600C769AA /* WeatherTests.swift */; };
		A9B4BE4B1ACB57EB00C769AA /* Mount.jpg in Resources */ = {isa = PBXBuildFile; fileRef = A9B4BE4A1ACB57EB00C769AA /* Mount.jpg */; };
/* End PBXBuildFile section */

/* Begin PBXContainerItemProxy section */
		A9B4BE3B1ACB515600C769AA /* PBXContainerItemProxy */ = {
			isa = PBXContainerItemProxy;
			containerPortal = A9B4BE1D1ACB515600C769AA /* Project object */;
			proxyType = 1;
			remoteGlobalIDString = A9B4BE241ACB515600C769AA;
			remoteInfo = Weather;
		};
/* End PBXContainerItemProxy section */

/* Begin PBXFileReference section */
		A9B4BE251ACB515600C769AA /* Weather.app */ = {isa = PBXFileReference; explicitFileType = wrapper.application; includeInIndex = 0; path = Weather.app; sourceTree = BUILT_PRODUCTS_DIR; };
		A9B4BE291ACB515600C769AA /* Info.plist */ = {isa = PBXFileReference; lastKnownFileType = text.plist.xml; path = Info.plist; sourceTree = "<group>"; };
		A9B4BE2A1ACB515600C769AA /* AppDelegate.swift */ = {isa = PBXFileReference; lastKnownFileType = sourcecode.swift; path = AppDelegate.swift; sourceTree = "<group>"; };
		A9B4BE2C1ACB515600C769AA /* ViewController.swift */ = {isa = PBXFileReference; lastKnownFileType = sourcecode.swift; path = ViewController.swift; sourceTree = "<group>"; };
		A9B4BE2F1ACB515600C769AA /* Base */ = {isa = PBXFileReference; lastKnownFileType = file.storyboard; name = Base; path = Base.lproj/Main.storyboard; sourceTree = "<group>"; };
		A9B4BE311ACB515600C769AA /* Images.xcassets */ = {isa = PBXFileReference; lastKnownFileType = folder.assetcatalog; path = Images.xcassets; sourceTree = "<group>"; };
		A9B4BE341ACB515600C769AA /* Base */ = {isa = PBXFileReference; lastKnownFileType = file.xib; name = Base; path = Base.lproj/LaunchScreen.xib; sourceTree = "<group>"; };
		A9B4BE3A1ACB515600C769AA /* WeatherTests.xctest */ = {isa = PBXFileReference; explicitFileType = wrapper.cfbundle; includeInIndex = 0; path = WeatherTests.xctest; sourceTree = BUILT_PRODUCTS_DIR; };
		A9B4BE3F1ACB515600C769AA /* Info.plist */ = {isa = PBXFileReference; lastKnownFileType = text.plist.xml; path = Info.plist; sourceTree = "<group>"; };
		A9B4BE401ACB515600C769AA /* WeatherTests.swift */ = {isa = PBXFileReference; lastKnownFileType = sourcecode.swift; path = WeatherTests.swift; sourceTree = "<group>"; };
		A9B4BE4A1ACB57EB00C769AA /* Mount.jpg */ = {isa = PBXFileReference; lastKnownFileType = image.jpeg; path = Mount.jpg; sourceTree = "<group>"; };
/* End PBXFileReference section */

/* Begin PBXFrameworksBuildPhase section */
		A9B4BE221ACB515600C769AA /* Frameworks */ = {
			isa = PBXFrameworksBuildPhase;
			buildActionMask = 2147483647;
			files = (
			);
			runOnlyForDeploymentPostprocessing = 0;
		};
		A9B4BE371ACB515600C769AA /* Frameworks */ = {
			isa = PBXFrameworksBuildPhase;
			buildActionMask = 2147483647;
			files = (
			);
			runOnlyForDeploymentPostprocessing = 0;
		};
/* End PBXFrameworksBuildPhase section */

/* Begin PBXGroup section */
		A9B4BE1C1ACB515600C769AA = {
			isa = PBXGroup;
			children = (
				A9B4BE271ACB515600C769AA /* Weather */,
				A9B4BE3D1ACB515600C769AA /* WeatherTests */,
				A9B4BE261ACB515600C769AA /* Products */,
			);
			sourceTree = "<group>";
		};
		A9B4BE261ACB515600C769AA /* Products */ = {
			isa = PBXGroup;
			children = (
				A9B4BE251ACB515600C769AA /* Weather.app */,
				A9B4BE3A1ACB515600C769AA /* WeatherTests.xctest */,
			);
			name = Products;
			sourceTree = "<group>";
		};
		A9B4BE271ACB515600C769AA /* Weather */ = {
			isa = PBXGroup;
			children = (
				A9B4BE2A1ACB515600C769AA /* AppDelegate.swift */,
				A9B4BE2C1ACB515600C769AA /* ViewController.swift */,
				A9B4BE2E1ACB515600C769AA /* Main.storyboard */,
				A9B4BE311ACB515600C769AA /* Images.xcassets */,
				A9B4BE4A1ACB57EB00C769AA /* Mount.jpg */,
				A9B4BE331ACB515600C769AA /* LaunchScreen.xib */,
				A9B4BE281ACB515600C769AA /* Supporting Files */,
			);
			path = Weather;
			sourceTree = "<group>";
		};
		A9B4BE281ACB515600C769AA /* Supporting Files */ = {
			isa = PBXGroup;
			children = (
				A9B4BE291ACB515600C769AA /* Info.plist */,
			);
			name = "Supporting Files";
			sourceTree = "<group>";
		};
		A9B4BE3D1ACB515600C769AA /* WeatherTests */ = {
			isa = PBXGroup;
			children = (
				A9B4BE401ACB515600C769AA /* WeatherTests.swift */,
				A9B4BE3E1ACB515600C769AA /* Supporting Files */,
			);
			path = WeatherTests;
			sourceTree = "<group>";
		};
		A9B4BE3E1ACB515600C769AA /* Supporting Files */ = {
			isa = PBXGroup;
			children = (
				A9B4BE3F1ACB515600C769AA /* Info.plist */,
			);
			name = "Supporting Files";
			sourceTree = "<group>";
		};
/* End PBXGroup section */

/* Begin PBXNativeTarget section */
		A9B4BE241ACB515600C769AA /* Weather */ = {
			isa = PBXNativeTarget;
			buildConfigurationList = A9B4BE441ACB515600C769AA /* Build configuration list for PBXNativeTarget "Weather" */;
			buildPhases = (
				A9B4BE211ACB515600C769AA /* Sources */,
				A9B4BE221ACB515600C769AA /* Frameworks */,
				A9B4BE231ACB515600C769AA /* Resources */,
			);
			buildRules = (
			);
			dependencies = (
			);
			name = Weather;
			productName = Weather;
			productReference = A9B4BE251ACB515600C769AA /* Weather.app */;
			productType = "com.apple.product-type.application";
		};
		A9B4BE391ACB515600C769AA /* WeatherTests */ = {
			isa = PBXNativeTarget;
			buildConfigurationList = A9B4BE471ACB515600C769AA /* Build configuration list for PBXNativeTarget "WeatherTests" */;
			buildPhases = (
				A9B4BE361ACB515600C769AA /* Sources */,
				A9B4BE371ACB515600C769AA /* Frameworks */,
				A9B4BE381ACB515600C769AA /* Resources */,
			);
			buildRules = (
			);
			dependencies = (
				A9B4BE3C1ACB515600C769AA /* PBXTargetDependency */,
			);
			name = WeatherTests;
			productName = WeatherTests;
			productReference = A9B4BE3A1ACB515600C769AA /* WeatherTests.xctest */;
			productType = "com.apple.product-type.bundle.unit-test";
		};
/* End PBXNativeTarget section */

/* Begin PBXProject section */
		A9B4BE1D1ACB515600C769AA /* Project object */ = {
			isa = PBXProject;
			attributes = {
				LastUpgradeCheck = 0620;
				ORGANIZATIONNAME = HoodsDream;
				TargetAttributes = {
					A9B4BE241ACB515600C769AA = {
						CreatedOnToolsVersion = 6.2;
					};
					A9B4BE391ACB515600C769AA = {
						CreatedOnToolsVersion = 6.2;
						TestTargetID = A9B4BE241ACB515600C769AA;
					};
				};
			};
			buildConfigurationList = A9B4BE201ACB515600C769AA /* Build configuration list for PBXProject "Weather" */;
			compatibilityVersion = "Xcode 3.2";
			developmentRegion = English;
			hasScannedForEncodings = 0;
			knownRegions = (
				en,
				Base,
			);
			mainGroup = A9B4BE1C1ACB515600C769AA;
			productRefGroup = A9B4BE261ACB515600C769AA /* Products */;
			projectDirPath = "";
			projectRoot = "";
			targets = (
				A9B4BE241ACB515600C769AA /* Weather */,
				A9B4BE391ACB515600C769AA /* WeatherTests */,
			);
		};
/* End PBXProject section */

/* Begin PBXResourcesBuildPhase section */
		A9B4BE231ACB515600C769AA /* Resources */ = {
			isa = PBXResourcesBuildPhase;
			buildActionMask = 2147483647;
			files = (
				A9B4BE301ACB515600C769AA /* Main.storyboard in Resources */,
				A9B4BE351ACB515600C769AA /* LaunchScreen.xib in Resources */,
				A9B4BE321ACB515600C769AA /* Images.xcassets in Resources */,
				A9B4BE4B1ACB57EB00C769AA /* Mount.jpg in Resources */,
			);
			runOnlyForDeploymentPostprocessing = 0;
		};
		A9B4BE381ACB515600C769AA /* Resources */ = {
			isa = PBXResourcesBuildPhase;
			buildActionMask = 2147483647;
			files = (
			);
			runOnlyForDeploymentPostprocessing = 0;
		};
/* End PBXResourcesBuildPhase section */

/* Begin PBXSourcesBuildPhase section */
		A9B4BE211ACB515600C769AA /* Sources */ = {
			isa = PBXSourcesBuildPhase;
			buildActionMask = 2147483647;
			files = (
				A9B4BE2D1ACB515600C769AA /* ViewController.swift in Sources */,
				A9B4BE2B1ACB515600C769AA /* AppDelegate.swift in Sources */,
			);
			runOnlyForDeploymentPostprocessing = 0;
		};
		A9B4BE361ACB515600C769AA /* Sources */ = {
			isa = PBXSourcesBuildPhase;
			buildActionMask = 2147483647;
			files = (
				A9B4BE411ACB515600C769AA /* WeatherTests.swift in Sources */,
			);
			runOnlyForDeploymentPostprocessing = 0;
		};
/* End PBXSourcesBuildPhase section */

/* Begin PBXTargetDependency section */
		A9B4BE3C1ACB515600C769AA /* PBXTargetDependency */ = {
			isa = PBXTargetDependency;
			target = A9B4BE241ACB515600C769AA /* Weather */;
			targetProxy = A9B4BE3B1ACB515600C769AA /* PBXContainerItemProxy */;
		};
/* End PBXTargetDependency section */

/* Begin PBXVariantGroup section */
		A9B4BE2E1ACB515600C769AA /* Main.storyboard */ = {
			isa = PBXVariantGroup;
			children = (
				A9B4BE2F1ACB515600C769AA /* Base */,
			);
			name = Main.storyboard;
			sourceTree = "<group>";
		};
		A9B4BE331ACB515600C769AA /* LaunchScreen.xib */ = {
			isa = PBXVariantGroup;
			children = (
				A9B4BE341ACB515600C769AA /* Base */,
			);
			name = LaunchScreen.xib;
			sourceTree = "<group>";
		};
/* End PBXVariantGroup section */

/* Begin XCBuildConfiguration section */
		A9B4BE421ACB515600C769AA /* Debug */ = {
			isa = XCBuildConfiguration;
			buildSettings = {
				ALWAYS_SEARCH_USER_PATHS = NO;
				CLANG_CXX_LANGUAGE_STANDARD = "gnu++0x";
				CLANG_CXX_LIBRARY = "libc++";
				CLANG_ENABLE_MODULES = YES;
				CLANG_ENABLE_OBJC_ARC = YES;
				CLANG_WARN_BOOL_CONVERSION = YES;
				CLANG_WARN_CONSTANT_CONVERSION = YES;
				CLANG_WARN_DIRECT_OBJC_ISA_USAGE = YES_ERROR;
				CLANG_WARN_EMPTY_BODY = YES;
				CLANG_WARN_ENUM_CONVERSION = YES;
				CLANG_WARN_INT_CONVERSION = YES;
				CLANG_WARN_OBJC_ROOT_CLASS = YES_ERROR;
				CLANG_WARN_UNREACHABLE_CODE = YES;
				CLANG_WARN__DUPLICATE_METHOD_MATCH = YES;
				"CODE_SIGN_IDENTITY[sdk=iphoneos*]" = "iPhone Developer";
				COPY_PHASE_STRIP = NO;
				ENABLE_STRICT_OBJC_MSGSEND = YES;
				GCC_C_LANGUAGE_STANDARD = gnu99;
				GCC_DYNAMIC_NO_PIC = NO;
				GCC_OPTIMIZATION_LEVEL = 0;
				GCC_PREPROCESSOR_DEFINITIONS = (
					"DEBUG=1",
					"$(inherited)",
				);
				GCC_SYMBOLS_PRIVATE_EXTERN = NO;
				GCC_WARN_64_TO_32_BIT_CONVERSION = YES;
				GCC_WARN_ABOUT_RETURN_TYPE = YES_ERROR;
				GCC_WARN_UNDECLARED_SELECTOR = YES;
				GCC_WARN_UNINITIALIZED_AUTOS = YES_AGGRESSIVE;
				GCC_WARN_UNUSED_FUNCTION = YES;
				GCC_WARN_UNUSED_VARIABLE = YES;
				IPHONEOS_DEPLOYMENT_TARGET = 8.2;
				MTL_ENABLE_DEBUG_INFO = YES;
				ONLY_ACTIVE_ARCH = YES;
				SDKROOT = iphoneos;
				SWIFT_OPTIMIZATION_LEVEL = "-Onone";
			};
			name = Debug;
		};
		A9B4BE431ACB515600C769AA /* Release */ = {
			isa = XCBuildConfiguration;
			buildSettings = {
				ALWAYS_SEARCH_USER_PATHS = NO;
				CLANG_CXX_LANGUAGE_STANDARD = "gnu++0x";
				CLANG_CXX_LIBRARY = "libc++";
				CLANG_ENABLE_MODULES = YES;
				CLANG_ENABLE_OBJC_ARC = YES;
				CLANG_WARN_BOOL_CONVERSION = YES;
				CLANG_WARN_CONSTANT_CONVERSION = YES;
				CLANG_WARN_DIRECT_OBJC_ISA_USAGE = YES_ERROR;
				CLANG_WARN_EMPTY_BODY = YES;
				CLANG_WARN_ENUM_CONVERSION = YES;
				CLANG_WARN_INT_CONVERSION = YES;
				CLANG_WARN_OBJC_ROOT_CLASS = YES_ERROR;
				CLANG_WARN_UNREACHABLE_CODE = YES;
				CLANG_WARN__DUPLICATE_METHOD_MATCH = YES;
				"CODE_SIGN_IDENTITY[sdk=iphoneos*]" = "iPhone Developer";
				COPY_PHASE_STRIP = NO;
				ENABLE_NS_ASSERTIONS = NO;
				ENABLE_STRICT_OBJC_MSGSEND = YES;
				GCC_C_LANGUAGE_STANDARD = gnu99;
				GCC_WARN_64_TO_32_BIT_CONVERSION = YES;
				GCC_WARN_ABOUT_RETURN_TYPE = YES_ERROR;
				GCC_WARN_UNDECLARED_SELECTOR = YES;
				GCC_WARN_UNINITIALIZED_AUTOS = YES_AGGRESSIVE;
				GCC_WARN_UNUSED_FUNCTION = YES;
				GCC_WARN_UNUSED_VARIABLE = YES;
				IPHONEOS_DEPLOYMENT_TARGET = 8.2;
				MTL_ENABLE_DEBUG_INFO = NO;
				SDKROOT = iphoneos;
				VALIDATE_PRODUCT = YES;
			};
			name = Release;
		};
		A9B4BE451ACB515600C769AA /* Debug */ = {
			isa = XCBuildConfiguration;
			buildSettings = {
				ASSETCATALOG_COMPILER_APPICON_NAME = AppIcon;
				INFOPLIST_FILE = Weather/Info.plist;
				IPHONEOS_DEPLOYMENT_TARGET = 8.1;
				LD_RUNPATH_SEARCH_PATHS = "$(inherited) @executable_path/Frameworks";
				PRODUCT_NAME = "$(TARGET_NAME)";
			};
			name = Debug;
		};
		A9B4BE461ACB515600C769AA /* Release */ = {
			isa = XCBuildConfiguration;
			buildSettings = {
				ASSETCATALOG_COMPILER_APPICON_NAME = AppIcon;
				INFOPLIST_FILE = Weather/Info.plist;
				IPHONEOS_DEPLOYMENT_TARGET = 8.1;
				LD_RUNPATH_SEARCH_PATHS = "$(inherited) @executable_path/Frameworks";
				PRODUCT_NAME = "$(TARGET_NAME)";
			};
			name = Release;
		};
		A9B4BE481ACB515600C769AA /* Debug */ = {
			isa = XCBuildConfiguration;
			buildSettings = {
				BUNDLE_LOADER = "$(TEST_HOST)";
				FRAMEWORK_SEARCH_PATHS = (
					"$(SDKROOT)/Developer/Library/Frameworks",
					"$(inherited)",
				);
				GCC_PREPROCESSOR_DEFINITIONS = (
					"DEBUG=1",
					"$(inherited)",
				);
				INFOPLIST_FILE = WeatherTests/Info.plist;
				LD_RUNPATH_SEARCH_PATHS = "$(inherited) @executable_path/Frameworks @loader_path/Frameworks";
				PRODUCT_NAME = "$(TARGET_NAME)";
				TEST_HOST = "$(BUILT_PRODUCTS_DIR)/Weather.app/Weather";
			};
			name = Debug;
		};
		A9B4BE491ACB515600C769AA /* Release */ = {
			isa = XCBuildConfiguration;
			buildSettings = {
				BUNDLE_LOADER = "$(TEST_HOST)";
				FRAMEWORK_SEARCH_PATHS = (
					"$(SDKROOT)/Developer/Library/Frameworks",
					"$(inherited)",
				);
				INFOPLIST_FILE = WeatherTests/Info.plist;
				LD_RUNPATH_SEARCH_PATHS = "$(inherited) @executable_path/Frameworks @loader_path/Frameworks";
				PRODUCT_NAME = "$(TARGET_NAME)";
				TEST_HOST = "$(BUILT_PRODUCTS_DIR)/Weather.app/Weather";
			};
			name = Release;
		};
/* End XCBuildConfiguration section */

/* Begin XCConfigurationList section */
		A9B4BE201ACB515600C769AA /* Build configuration list for PBXProject "Weather" */ = {
			isa = XCConfigurationList;
			buildConfigurations = (
				A9B4BE421ACB515600C769AA /* Debug */,
				A9B4BE431ACB515600C769AA /* Release */,
			);
			defaultConfigurationIsVisible = 0;
			defaultConfigurationName = Release;
		};
		A9B4BE441ACB515600C769AA /* Build configuration list for PBXNativeTarget "Weather" */ = {
			isa = XCConfigurationList;
			buildConfigurations = (
				A9B4BE451ACB515600C769AA /* Debug */,
				A9B4BE461ACB515600C769AA /* Release */,
			);
			defaultConfigurationIsVisible = 0;
			defaultConfigurationName = Release;
		};
		A9B4BE471ACB515600C769AA /* Build configuration list for PBXNativeTarget "WeatherTests" */ = {
			isa = XCConfigurationList;
			buildConfigurations = (
				A9B4BE481ACB515600C769AA /* Debug */,
				A9B4BE491ACB515600C769AA /* Release */,
			);
			defaultConfigurationIsVisible = 0;
			defaultConfigurationName = Release;
		};
/* End XCConfigurationList section */
	};
	rootObject = A9B4BE1D1ACB515600C769AA /* Project object */;
}
